
Microsoft Visual Studio Solution File, Format Version 12.00
# Visual Studio 2012
Project("{FAE04EC0-301F-11D3-BF4B-00C04F79EFBC}") = "CascBasic", "CascBasic.csproj", "{AC53F00E-A08E-44EA-B7FC-35E974EF5816}"
EndProject
Global
	GlobalSection(SolutionConfigurationPlatforms) = preSolution
		Debug|Any CPU = Debug|Any CPU
		Release|Any CPU = Release|Any CPU
	EndGlobalSection
	GlobalSection(ProjectConfigurationPlatforms) = postSolution
		{AC53F00E-A08E-44EA-B7FC-35E974EF5816}.Debug|Any CPU.ActiveCfg = Debug|Any CPU
		{AC53F00E-A08E-44EA-B7FC-35E974EF5816}.Debug|Any CPU.Build.0 = Debug|Any CPU
		{AC53F00E-A08E-44EA-B7FC-35E974EF5816}.Release|Any CPU.ActiveCfg = Release|Any CPU
		{AC53F00E-A08E-44EA-B7FC-35E974EF5816}.Release|Any CPU.Build.0 = Release|Any CPU
	EndGlobalSection
	GlobalSection(SolutionProperties) = preSolution
		HideSolutionNode = FALSE
	EndGlobalSection
EndGlobal
